
Microsoft Visual Studio Solution File, Format Version 12.00
# Visual Studio Version 16
VisualStudioVersion = 16.0.30204.135
MinimumVisualStudioVersion = 10.0.40219.1
Project("{FAE04EC0-301F-11D3-BF4B-00C04F79EFBC}") = "AdoptApp", "AdoptApp.csproj", "{1083E6D5-BEE9-4284-B869-7C0D895374E9}"
EndProject
Project("{FAE04EC0-301F-11D3-BF4B-00C04F79EFBC}") = "Adoptapp.Core", "..\Adoptapp.Core\Adoptapp.Core.csproj", "{666EDEDE-1558-40FA-958A-447CA63B7BDC}"
EndProject
Project("{FAE04EC0-301F-11D3-BF4B-00C04F79EFBC}") = "Adoptapp.Infrastructure", "..\Adoptapp.Infrastructure\Adoptapp.Infrastructure.csproj", "{EE704632-1FE1-457B-B27D-A37C305064DA}"
EndProject
Project("{2150E333-8FDC-42A3-9474-1A3956D46DE8}") = "Test", "Test", "{4DBE2AC1-00B5-4E46-8229-DDB817DC6778}"
EndProject
Project("{FAE04EC0-301F-11D3-BF4B-00C04F79EFBC}") = "Adoptapp.UnitTest", "..\Adoptapp.UnitTest\Adoptapp.UnitTest.csproj", "{80469695-F295-4A2C-8BF7-417FF9010597}"
EndProject
Project("{FAE04EC0-301F-11D3-BF4B-00C04F79EFBC}") = "Adoptapp.IntegrationTests", "..\Adoptapp.IntegrationTests\Adoptapp.IntegrationTests.csproj", "{5C68D467-8A6F-4C61-A611-690161E51B1F}"
EndProject
Global
	GlobalSection(SolutionConfigurationPlatforms) = preSolution
		Debug|Any CPU = Debug|Any CPU
		Release|Any CPU = Release|Any CPU
	EndGlobalSection
	GlobalSection(ProjectConfigurationPlatforms) = postSolution
		{1083E6D5-BEE9-4284-B869-7C0D895374E9}.Debug|Any CPU.ActiveCfg = Debug|Any CPU
		{1083E6D5-BEE9-4284-B869-7C0D895374E9}.Debug|Any CPU.Build.0 = Debug|Any CPU
		{1083E6D5-BEE9-4284-B869-7C0D895374E9}.Release|Any CPU.ActiveCfg = Release|Any CPU
		{1083E6D5-BEE9-4284-B869-7C0D895374E9}.Release|Any CPU.Build.0 = Release|Any CPU
		{666EDEDE-1558-40FA-958A-447CA63B7BDC}.Debug|Any CPU.ActiveCfg = Debug|Any CPU
		{666EDEDE-1558-40FA-958A-447CA63B7BDC}.Debug|Any CPU.Build.0 = Debug|Any CPU
		{666EDEDE-1558-40FA-958A-447CA63B7BDC}.Release|Any CPU.ActiveCfg = Release|Any CPU
		{666EDEDE-1558-40FA-958A-447CA63B7BDC}.Release|Any CPU.Build.0 = Release|Any CPU
		{EE704632-1FE1-457B-B27D-A37C305064DA}.Debug|Any CPU.ActiveCfg = Debug|Any CPU
		{EE704632-1FE1-457B-B27D-A37C305064DA}.Debug|Any CPU.Build.0 = Debug|Any CPU
		{EE704632-1FE1-457B-B27D-A37C305064DA}.Release|Any CPU.ActiveCfg = Release|Any CPU
		{EE704632-1FE1-457B-B27D-A37C305064DA}.Release|Any CPU.Build.0 = Release|Any CPU
		{80469695-F295-4A2C-8BF7-417FF9010597}.Debug|Any CPU.ActiveCfg = Debug|Any CPU
		{80469695-F295-4A2C-8BF7-417FF9010597}.Debug|Any CPU.Build.0 = Debug|Any CPU
		{80469695-F295-4A2C-8BF7-417FF9010597}.Release|Any CPU.ActiveCfg = Release|Any CPU
		{80469695-F295-4A2C-8BF7-417FF9010597}.Release|Any CPU.Build.0 = Release|Any CPU
		{5C68D467-8A6F-4C61-A611-690161E51B1F}.Debug|Any CPU.ActiveCfg = Debug|Any CPU
		{5C68D467-8A6F-4C61-A611-690161E51B1F}.Debug|Any CPU.Build.0 = Debug|Any CPU
		{5C68D467-8A6F-4C61-A611-690161E51B1F}.Release|Any CPU.ActiveCfg = Release|Any CPU
		{5C68D467-8A6F-4C61-A611-690161E51B1F}.Release|Any CPU.Build.0 = Release|Any CPU
	EndGlobalSection
	GlobalSection(SolutionProperties) = preSolution
		HideSolutionNode = FALSE
	EndGlobalSection
	GlobalSection(NestedProjects) = preSolution
		{80469695-F295-4A2C-8BF7-417FF9010597} = {4DBE2AC1-00B5-4E46-8229-DDB817DC6778}
		{5C68D467-8A6F-4C61-A611-690161E51B1F} = {4DBE2AC1-00B5-4E46-8229-DDB817DC6778}
	EndGlobalSection
	GlobalSection(ExtensibilityGlobals) = postSolution
		SolutionGuid = {6A193C8E-9E54-41E8-893F-E0E762A958A2}
	EndGlobalSection
EndGlobal
