
Microsoft Visual Studio Solution File, Format Version 12.00
# Visual Studio Version 16
VisualStudioVersion = 16.0.30204.135
MinimumVisualStudioVersion = 10.0.40219.1
Project("{9A19103F-16F7-4668-BE54-9A1E7A4F7556}") = "appdoptanosV2", "appdoptanosV2\appdoptanosV2.csproj", "{AE11BAF4-9ABA-42B6-98D1-EEF67CB02AAB}"
EndProject
Project("{9A19103F-16F7-4668-BE54-9A1E7A4F7556}") = "Domain", "DomainLayer\Domain.csproj", "{78FBF3D3-47E8-43A6-96E6-B7E982B25704}"
EndProject
Project("{9A19103F-16F7-4668-BE54-9A1E7A4F7556}") = "RepositoryLayer", "RepositoryLayer\RepositoryLayer.csproj", "{683A1D68-023E-4400-853C-8FC15A533B90}"
EndProject
Project("{9A19103F-16F7-4668-BE54-9A1E7A4F7556}") = "InfraestructureLayer", "ServiceLayer\InfraestructureLayer.csproj", "{7B4587D3-E5FB-4F62-8DBC-BF498224E6F7}"
EndProject
Global
	GlobalSection(SolutionConfigurationPlatforms) = preSolution
		Debug|Any CPU = Debug|Any CPU
		Release|Any CPU = Release|Any CPU
	EndGlobalSection
	GlobalSection(ProjectConfigurationPlatforms) = postSolution
		{AE11BAF4-9ABA-42B6-98D1-EEF67CB02AAB}.Debug|Any CPU.ActiveCfg = Debug|Any CPU
		{AE11BAF4-9ABA-42B6-98D1-EEF67CB02AAB}.Debug|Any CPU.Build.0 = Debug|Any CPU
		{AE11BAF4-9ABA-42B6-98D1-EEF67CB02AAB}.Release|Any CPU.ActiveCfg = Release|Any CPU
		{AE11BAF4-9ABA-42B6-98D1-EEF67CB02AAB}.Release|Any CPU.Build.0 = Release|Any CPU
		{78FBF3D3-47E8-43A6-96E6-B7E982B25704}.Debug|Any CPU.ActiveCfg = Debug|Any CPU
		{78FBF3D3-47E8-43A6-96E6-B7E982B25704}.Debug|Any CPU.Build.0 = Debug|Any CPU
		{78FBF3D3-47E8-43A6-96E6-B7E982B25704}.Release|Any CPU.ActiveCfg = Release|Any CPU
		{78FBF3D3-47E8-43A6-96E6-B7E982B25704}.Release|Any CPU.Build.0 = Release|Any CPU
		{683A1D68-023E-4400-853C-8FC15A533B90}.Debug|Any CPU.ActiveCfg = Debug|Any CPU
		{683A1D68-023E-4400-853C-8FC15A533B90}.Debug|Any CPU.Build.0 = Debug|Any CPU
		{683A1D68-023E-4400-853C-8FC15A533B90}.Release|Any CPU.ActiveCfg = Release|Any CPU
		{683A1D68-023E-4400-853C-8FC15A533B90}.Release|Any CPU.Build.0 = Release|Any CPU
		{7B4587D3-E5FB-4F62-8DBC-BF498224E6F7}.Debug|Any CPU.ActiveCfg = Debug|Any CPU
		{7B4587D3-E5FB-4F62-8DBC-BF498224E6F7}.Debug|Any CPU.Build.0 = Debug|Any CPU
		{7B4587D3-E5FB-4F62-8DBC-BF498224E6F7}.Release|Any CPU.ActiveCfg = Release|Any CPU
		{7B4587D3-E5FB-4F62-8DBC-BF498224E6F7}.Release|Any CPU.Build.0 = Release|Any CPU
	EndGlobalSection
	GlobalSection(SolutionProperties) = preSolution
		HideSolutionNode = FALSE
	EndGlobalSection
	GlobalSection(ExtensibilityGlobals) = postSolution
		SolutionGuid = {E869BE16-18BC-43C0-9C8C-BB8BB30E1080}
	EndGlobalSection
EndGlobal
